
Microsoft Visual Studio Solution File, Format Version 12.00
# Visual Studio Version 17
VisualStudioVersion = 17.1.32210.238
MinimumVisualStudioVersion = 10.0.40219.1
Project("{9A19103F-16F7-4668-BE54-9A1E7A4F7556}") = "DeltaWare.SDK.WebAssembly.Blazor", "src\DeltaWare.SDK.WebAssembly.Blazor\DeltaWare.SDK.WebAssembly.Blazor.csproj", "{665229E2-F41C-43A6-806B-81352DA48AC9}"
EndProject
Project("{9A19103F-16F7-4668-BE54-9A1E7A4F7556}") = "DeltaWare.SDK.Authentication.WebAssembly.Msal", "src\DeltaWare.SDK.Authentication.WebAssembly.Msal\DeltaWare.SDK.Authentication.WebAssembly.Msal.csproj", "{626F2238-C052-4771-AB42-267D3C595DFE}"
EndProject
Global
	GlobalSection(SolutionConfigurationPlatforms) = preSolution
		Debug|Any CPU = Debug|Any CPU
		Release|Any CPU = Release|Any CPU
	EndGlobalSection
	GlobalSection(ProjectConfigurationPlatforms) = postSolution
		{665229E2-F41C-43A6-806B-81352DA48AC9}.Debug|Any CPU.ActiveCfg = Debug|Any CPU
		{665229E2-F41C-43A6-806B-81352DA48AC9}.Debug|Any CPU.Build.0 = Debug|Any CPU
		{665229E2-F41C-43A6-806B-81352DA48AC9}.Release|Any CPU.ActiveCfg = Release|Any CPU
		{665229E2-F41C-43A6-806B-81352DA48AC9}.Release|Any CPU.Build.0 = Release|Any CPU
		{626F2238-C052-4771-AB42-267D3C595DFE}.Debug|Any CPU.ActiveCfg = Debug|Any CPU
		{626F2238-C052-4771-AB42-267D3C595DFE}.Debug|Any CPU.Build.0 = Debug|Any CPU
		{626F2238-C052-4771-AB42-267D3C595DFE}.Release|Any CPU.ActiveCfg = Release|Any CPU
		{626F2238-C052-4771-AB42-267D3C595DFE}.Release|Any CPU.Build.0 = Release|Any CPU
	EndGlobalSection
	GlobalSection(SolutionProperties) = preSolution
		HideSolutionNode = FALSE
	EndGlobalSection
	GlobalSection(ExtensibilityGlobals) = postSolution
		SolutionGuid = {50B4E601-DB97-49D8-B10F-A6B644078C32}
	EndGlobalSection
EndGlobal
